
Microsoft Visual Studio Solution File, Format Version 12.00
# Visual Studio Version 17
VisualStudioVersion = 17.2.32616.157
MinimumVisualStudioVersion = 10.0.40219.1
Project("{FAE04EC0-301F-11D3-BF4B-00C04F79EFBC}") = "ContadorEstoque", "ContadorEstoque\ContadorEstoque.csproj", "{C2F8B82E-C5B9-47CF-9AF2-315E904DCC2F}"
EndProject
Global
	GlobalSection(SolutionConfigurationPlatforms) = preSolution
		Debug|Any CPU = Debug|Any CPU
		Release|Any CPU = Release|Any CPU
	EndGlobalSection
	GlobalSection(ProjectConfigurationPlatforms) = postSolution
		{C2F8B82E-C5B9-47CF-9AF2-315E904DCC2F}.Debug|Any CPU.ActiveCfg = Debug|Any CPU
		{C2F8B82E-C5B9-47CF-9AF2-315E904DCC2F}.Debug|Any CPU.Build.0 = Debug|Any CPU
		{C2F8B82E-C5B9-47CF-9AF2-315E904DCC2F}.Release|Any CPU.ActiveCfg = Release|Any CPU
		{C2F8B82E-C5B9-47CF-9AF2-315E904DCC2F}.Release|Any CPU.Build.0 = Release|Any CPU
	EndGlobalSection
	GlobalSection(SolutionProperties) = preSolution
		HideSolutionNode = FALSE
	EndGlobalSection
	GlobalSection(ExtensibilityGlobals) = postSolution
		SolutionGuid = {FBA63876-6AD9-4F14-82A6-F5BA43AA809C}
	EndGlobalSection
EndGlobal
