
Microsoft Visual Studio Solution File, Format Version 12.00
# Visual Studio Version 17
VisualStudioVersion = 17.2.32616.157
MinimumVisualStudioVersion = 10.0.40219.1
Project("{FAE04EC0-301F-11D3-BF4B-00C04F79EFBC}") = "ExercicioList01", "ExercicioList01\ExercicioList01.csproj", "{1D0AFC76-C3A3-4CFA-ADC8-DFEBD6479146}"
EndProject
Global
	GlobalSection(SolutionConfigurationPlatforms) = preSolution
		Debug|Any CPU = Debug|Any CPU
		Release|Any CPU = Release|Any CPU
	EndGlobalSection
	GlobalSection(ProjectConfigurationPlatforms) = postSolution
		{1D0AFC76-C3A3-4CFA-ADC8-DFEBD6479146}.Debug|Any CPU.ActiveCfg = Debug|Any CPU
		{1D0AFC76-C3A3-4CFA-ADC8-DFEBD6479146}.Debug|Any CPU.Build.0 = Debug|Any CPU
		{1D0AFC76-C3A3-4CFA-ADC8-DFEBD6479146}.Release|Any CPU.ActiveCfg = Release|Any CPU
		{1D0AFC76-C3A3-4CFA-ADC8-DFEBD6479146}.Release|Any CPU.Build.0 = Release|Any CPU
	EndGlobalSection
	GlobalSection(SolutionProperties) = preSolution
		HideSolutionNode = FALSE
	EndGlobalSection
	GlobalSection(ExtensibilityGlobals) = postSolution
		SolutionGuid = {B36F3CE1-69DF-46A5-9EFC-E799C178DF2B}
	EndGlobalSection
EndGlobal
