
Microsoft Visual Studio Solution File, Format Version 12.00
# Visual Studio Version 17
VisualStudioVersion = 17.2.32616.157
MinimumVisualStudioVersion = 10.0.40219.1
Project("{FAE04EC0-301F-11D3-BF4B-00C04F79EFBC}") = "FormadorRetangulo", "FormadorRetangulo\FormadorRetangulo.csproj", "{80A0341A-26AA-42BB-9092-A51FE32FAA60}"
EndProject
Global
	GlobalSection(SolutionConfigurationPlatforms) = preSolution
		Debug|Any CPU = Debug|Any CPU
		Release|Any CPU = Release|Any CPU
	EndGlobalSection
	GlobalSection(ProjectConfigurationPlatforms) = postSolution
		{80A0341A-26AA-42BB-9092-A51FE32FAA60}.Debug|Any CPU.ActiveCfg = Debug|Any CPU
		{80A0341A-26AA-42BB-9092-A51FE32FAA60}.Debug|Any CPU.Build.0 = Debug|Any CPU
		{80A0341A-26AA-42BB-9092-A51FE32FAA60}.Release|Any CPU.ActiveCfg = Release|Any CPU
		{80A0341A-26AA-42BB-9092-A51FE32FAA60}.Release|Any CPU.Build.0 = Release|Any CPU
	EndGlobalSection
	GlobalSection(SolutionProperties) = preSolution
		HideSolutionNode = FALSE
	EndGlobalSection
	GlobalSection(ExtensibilityGlobals) = postSolution
		SolutionGuid = {66923C46-54E3-4C6B-A23A-CDB0C86FB8BA}
	EndGlobalSection
EndGlobal
