
Microsoft Visual Studio Solution File, Format Version 12.00
# Visual Studio Version 17
VisualStudioVersion = 17.2.32616.157
MinimumVisualStudioVersion = 10.0.40219.1
Project("{FAE04EC0-301F-11D3-BF4B-00C04F79EFBC}") = "ExercicioMatrizes", "ExercicioMatrizes\ExercicioMatrizes.csproj", "{420038A0-D592-4805-BACC-D9FE8DD85879}"
EndProject
Global
	GlobalSection(SolutionConfigurationPlatforms) = preSolution
		Debug|Any CPU = Debug|Any CPU
		Release|Any CPU = Release|Any CPU
	EndGlobalSection
	GlobalSection(ProjectConfigurationPlatforms) = postSolution
		{420038A0-D592-4805-BACC-D9FE8DD85879}.Debug|Any CPU.ActiveCfg = Debug|Any CPU
		{420038A0-D592-4805-BACC-D9FE8DD85879}.Debug|Any CPU.Build.0 = Debug|Any CPU
		{420038A0-D592-4805-BACC-D9FE8DD85879}.Release|Any CPU.ActiveCfg = Release|Any CPU
		{420038A0-D592-4805-BACC-D9FE8DD85879}.Release|Any CPU.Build.0 = Release|Any CPU
	EndGlobalSection
	GlobalSection(SolutionProperties) = preSolution
		HideSolutionNode = FALSE
	EndGlobalSection
	GlobalSection(ExtensibilityGlobals) = postSolution
		SolutionGuid = {BCD2ECAF-31F5-4A9F-AF1B-AB5C125F204E}
	EndGlobalSection
EndGlobal
