
Microsoft Visual Studio Solution File, Format Version 12.00
# Visual Studio Version 17
VisualStudioVersion = 17.2.32616.157
MinimumVisualStudioVersion = 10.0.40219.1
Project("{FAE04EC0-301F-11D3-BF4B-00C04F79EFBC}") = "ExercicioBanco", "ExercicioBanco\ExercicioBanco.csproj", "{A3A10006-C2E2-49B4-8359-805D80DC06F3}"
EndProject
Global
	GlobalSection(SolutionConfigurationPlatforms) = preSolution
		Debug|Any CPU = Debug|Any CPU
		Release|Any CPU = Release|Any CPU
	EndGlobalSection
	GlobalSection(ProjectConfigurationPlatforms) = postSolution
		{A3A10006-C2E2-49B4-8359-805D80DC06F3}.Debug|Any CPU.ActiveCfg = Debug|Any CPU
		{A3A10006-C2E2-49B4-8359-805D80DC06F3}.Debug|Any CPU.Build.0 = Debug|Any CPU
		{A3A10006-C2E2-49B4-8359-805D80DC06F3}.Release|Any CPU.ActiveCfg = Release|Any CPU
		{A3A10006-C2E2-49B4-8359-805D80DC06F3}.Release|Any CPU.Build.0 = Release|Any CPU
	EndGlobalSection
	GlobalSection(SolutionProperties) = preSolution
		HideSolutionNode = FALSE
	EndGlobalSection
	GlobalSection(ExtensibilityGlobals) = postSolution
		SolutionGuid = {CBEC7753-3685-48EF-AC45-963A5632897C}
	EndGlobalSection
EndGlobal
